
Microsoft Visual Studio Solution File, Format Version 12.00
# Visual Studio Version 17
VisualStudioVersion = 17.5.002.0
MinimumVisualStudioVersion = 10.0.40219.1
Project("{9A19103F-16F7-4668-BE54-9A1E7A4F7556}") = "csharp", "csharp.csproj", "{452A5A93-E59E-41AD-AA14-961B6C1A6E1E}"
EndProject
Project("{FAE04EC0-301F-11D3-BF4B-00C04F79EFBC}") = "csharp.tests", "csharp.tests\csharp.tests.csproj", "{0901CE42-7FA7-4A61-BA5C-46FB6E715358}"
EndProject
Global
	GlobalSection(SolutionConfigurationPlatforms) = preSolution
		Debug|Any CPU = Debug|Any CPU
		Release|Any CPU = Release|Any CPU
	EndGlobalSection
	GlobalSection(ProjectConfigurationPlatforms) = postSolution
		{452A5A93-E59E-41AD-AA14-961B6C1A6E1E}.Debug|Any CPU.ActiveCfg = Debug|Any CPU
		{452A5A93-E59E-41AD-AA14-961B6C1A6E1E}.Debug|Any CPU.Build.0 = Debug|Any CPU
		{452A5A93-E59E-41AD-AA14-961B6C1A6E1E}.Release|Any CPU.ActiveCfg = Release|Any CPU
		{452A5A93-E59E-41AD-AA14-961B6C1A6E1E}.Release|Any CPU.Build.0 = Release|Any CPU
		{0901CE42-7FA7-4A61-BA5C-46FB6E715358}.Debug|Any CPU.ActiveCfg = Debug|Any CPU
		{0901CE42-7FA7-4A61-BA5C-46FB6E715358}.Debug|Any CPU.Build.0 = Debug|Any CPU
		{0901CE42-7FA7-4A61-BA5C-46FB6E715358}.Release|Any CPU.ActiveCfg = Release|Any CPU
		{0901CE42-7FA7-4A61-BA5C-46FB6E715358}.Release|Any CPU.Build.0 = Release|Any CPU
	EndGlobalSection
	GlobalSection(SolutionProperties) = preSolution
		HideSolutionNode = FALSE
	EndGlobalSection
	GlobalSection(ExtensibilityGlobals) = postSolution
		SolutionGuid = {DE5C85C2-C78F-4EF9-9F51-D4664EEDC43D}
	EndGlobalSection
EndGlobal
